# This file is generated by running "yarn install" inside your project.
# Manual changes might be lost - proceed with caution!

__metadata:
  version: 8
  cacheKey: 10c0

"@esbuild/aix-ppc64@npm:0.25.12":
  version: 0.25.12
  resolution: "@esbuild/aix-ppc64@npm:0.25.12"
  conditions: os=aix & cpu=ppc64
  languageName: node
  linkType: hard

"@esbuild/android-arm64@npm:0.25.12":
  version: 0.25.12
  resolution: "@esbuild/android-arm64@npm:0.25.12"
  conditions: os=android & cpu=arm64
  languageName: node
  linkType: hard

"@esbuild/android-arm@npm:0.25.12":
  version: 0.25.12
  resolution: "@esbuild/android-arm@npm:0.25.12"
  conditions: os=android & cpu=arm
  languageName: node
  linkType: hard

"@esbuild/android-x64@npm:0.25.12":
  version: 0.25.12
  resolution: "@esbuild/android-x64@npm:0.25.12"
  conditions: os=android & cpu=x64
  languageName: node
  linkType: hard

"@esbuild/darwin-arm64@npm:0.25.12":
  version: 0.25.12
  resolution: "@esbuild/darwin-arm64@npm:0.25.12"
  conditions: os=darwin & cpu=arm64
  languageName: node
  linkType: hard

"@esbuild/darwin-x64@npm:0.25.12":
  version: 0.25.12
  resolution: "@esbuild/darwin-x64@npm:0.25.12"
  conditions: os=darwin & cpu=x64
  languageName: node
  linkType: hard

"@esbuild/freebsd-arm64@npm:0.25.12":
  version: 0.25.12
  resolution: "@esbuild/freebsd-arm64@npm:0.25.12"
  conditions: os=freebsd & cpu=arm64
  languageName: node
  linkType: hard

"@esbuild/freebsd-x64@npm:0.25.12":
  version: 0.25.12
  resolution: "@esbuild/freebsd-x64@npm:0.25.12"
  conditions: os=freebsd & cpu=x64
  languageName: node
  linkType: hard

"@esbuild/linux-arm64@npm:0.25.12":
  version: 0.25.12
  resolution: "@esbuild/linux-arm64@npm:0.25.12"
  conditions: os=linux & cpu=arm64
  languageName: node
  linkType: hard

"@esbuild/linux-arm@npm:0.25.12":
  version: 0.25.12
  resolution: "@esbuild/linux-arm@npm:0.25.12"
  conditions: os=linux & cpu=arm
  languageName: node
  linkType: hard

"@esbuild/linux-ia32@npm:0.25.12":
  version: 0.25.12
  resolution: "@esbuild/linux-ia32@npm:0.25.12"
  conditions: os=linux & cpu=ia32
  languageName: node
  linkType: hard

"@esbuild/linux-loong64@npm:0.25.12":
  version: 0.25.12
  resolution: "@esbuild/linux-loong64@npm:0.25.12"
  conditions: os=linux & cpu=loong64
  languageName: node
  linkType: hard

"@esbuild/linux-mips64el@npm:0.25.12":
  version: 0.25.12
  resolution: "@esbuild/linux-mips64el@npm:0.25.12"
  conditions: os=linux & cpu=mips64el
  languageName: node
  linkType: hard

"@esbuild/linux-ppc64@npm:0.25.12":
  version: 0.25.12
  resolution: "@esbuild/linux-ppc64@npm:0.25.12"
  conditions: os=linux & cpu=ppc64
  languageName: node
  linkType: hard

"@esbuild/linux-riscv64@npm:0.25.12":
  version: 0.25.12
  resolution: "@esbuild/linux-riscv64@npm:0.25.12"
  conditions: os=linux & cpu=riscv64
  languageName: node
  linkType: hard

"@esbuild/linux-s390x@npm:0.25.12":
  version: 0.25.12
  resolution: "@esbuild/linux-s390x@npm:0.25.12"
  conditions: os=linux & cpu=s390x
  languageName: node
  linkType: hard

"@esbuild/linux-x64@npm:0.25.12":
  version: 0.25.12
  resolution: "@esbuild/linux-x64@npm:0.25.12"
  conditions: os=linux & cpu=x64
  languageName: node
  linkType: hard

"@esbuild/netbsd-arm64@npm:0.25.12":
  version: 0.25.12
  resolution: "@esbuild/netbsd-arm64@npm:0.25.12"
  conditions: os=netbsd & cpu=arm64
  languageName: node
  linkType: hard

"@esbuild/netbsd-x64@npm:0.25.12":
  version: 0.25.12
  resolution: "@esbuild/netbsd-x64@npm:0.25.12"
  conditions: os=netbsd & cpu=x64
  languageName: node
  linkType: hard

"@esbuild/openbsd-arm64@npm:0.25.12":
  version: 0.25.12
  resolution: "@esbuild/openbsd-arm64@npm:0.25.12"
  conditions: os=openbsd & cpu=arm64
  languageName: node
  linkType: hard

"@esbuild/openbsd-x64@npm:0.25.12":
  version: 0.25.12
  resolution: "@esbuild/openbsd-x64@npm:0.25.12"
  conditions: os=openbsd & cpu=x64
  languageName: node
  linkType: hard

"@esbuild/openharmony-arm64@npm:0.25.12":
  version: 0.25.12
  resolution: "@esbuild/openharmony-arm64@npm:0.25.12"
  conditions: os=openharmony & cpu=arm64
  languageName: node
  linkType: hard

"@esbuild/sunos-x64@npm:0.25.12":
  version: 0.25.12
  resolution: "@esbuild/sunos-x64@npm:0.25.12"
  conditions: os=sunos & cpu=x64
  languageName: node
  linkType: hard

"@esbuild/win32-arm64@npm:0.25.12":
  version: 0.25.12
  resolution: "@esbuild/win32-arm64@npm:0.25.12"
  conditions: os=win32 & cpu=arm64
  languageName: node
  linkType: hard

"@esbuild/win32-ia32@npm:0.25.12":
  version: 0.25.12
  resolution: "@esbuild/win32-ia32@npm:0.25.12"
  conditions: os=win32 & cpu=ia32
  languageName: node
  linkType: hard

"@esbuild/win32-x64@npm:0.25.12":
  version: 0.25.12
  resolution: "@esbuild/win32-x64@npm:0.25.12"
  conditions: os=win32 & cpu=x64
  languageName: node
  linkType: hard

"@isaacs/balanced-match@npm:^4.0.1":
  version: 4.0.1
  resolution: "@isaacs/balanced-match@npm:4.0.1"
  checksum: 10c0/7da011805b259ec5c955f01cee903da72ad97c5e6f01ca96197267d3f33103d5b2f8a1af192140f3aa64526c593c8d098ae366c2b11f7f17645d12387c2fd420
  languageName: node
  linkType: hard

"@isaacs/brace-expansion@npm:^5.0.0":
  version: 5.0.0
  resolution: "@isaacs/brace-expansion@npm:5.0.0"
  dependencies:
    "@isaacs/balanced-match": "npm:^4.0.1"
  checksum: 10c0/b4d4812f4be53afc2c5b6c545001ff7a4659af68d4484804e9d514e183d20269bb81def8682c01a22b17c4d6aed14292c8494f7d2ac664e547101c1a905aa977
  languageName: node
  linkType: hard

"@isaacs/fs-minipass@npm:^4.0.0":
  version: 4.0.1
  resolution: "@isaacs/fs-minipass@npm:4.0.1"
  dependencies:
    minipass: "npm:^7.0.4"
  checksum: 10c0/c25b6dc1598790d5b55c0947a9b7d111cfa92594db5296c3b907e2f533c033666f692a3939eadac17b1c7c40d362d0b0635dc874cbfe3e70db7c2b07cc97a5d2
  languageName: node
  linkType: hard

"@noble/curves@npm:1.4.2, @noble/curves@npm:~1.4.0":
  version: 1.4.2
  resolution: "@noble/curves@npm:1.4.2"
  dependencies:
    "@noble/hashes": "npm:1.4.0"
  checksum: 10c0/65620c895b15d46e8087939db6657b46a1a15cd4e0e4de5cd84b97a0dfe0af85f33a431bb21ac88267e3dc508618245d4cb564213959d66a84d690fe18a63419
  languageName: node
  linkType: hard

"@noble/curves@npm:~1.8.1":
  version: 1.8.2
  resolution: "@noble/curves@npm:1.8.2"
  dependencies:
    "@noble/hashes": "npm:1.7.2"
  checksum: 10c0/e7ef119b114681d6b7530b29a21f9bbea6fa6973bc369167da2158d05054cc6e6dbfb636ba89fad7707abacc150de30188b33192f94513911b24bdb87af50bbd
  languageName: node
  linkType: hard

"@noble/hashes@npm:1.4.0, @noble/hashes@npm:~1.4.0":
  version: 1.4.0
  resolution: "@noble/hashes@npm:1.4.0"
  checksum: 10c0/8c3f005ee72e7b8f9cff756dfae1241485187254e3f743873e22073d63906863df5d4f13d441b7530ea614b7a093f0d889309f28b59850f33b66cb26a779a4a5
  languageName: node
  linkType: hard

"@noble/hashes@npm:1.7.2, @noble/hashes@npm:~1.7.1":
  version: 1.7.2
  resolution: "@noble/hashes@npm:1.7.2"
  checksum: 10c0/b1411eab3c0b6691d847e9394fe7f1fcd45eeb037547c8f97e7d03c5068a499b4aef188e8e717eee67389dca4fee17d69d7e0f58af6c092567b0b76359b114b2
  languageName: node
  linkType: hard

"@nomicfoundation/edr-darwin-arm64@npm:0.12.0-next.14":
  version: 0.12.0-next.14
  resolution: "@nomicfoundation/edr-darwin-arm64@npm:0.12.0-next.14"
  checksum: 10c0/9f9dcc9d5f052d2384f37d830de1e6c20b349975f7f8545c5294ee742989e6e4e782c7cdcb764001c8bcac36fe5eff46c6734a4e0a7c51ef2b44ba39f394b1b0
  languageName: node
  linkType: hard

"@nomicfoundation/edr-darwin-x64@npm:0.12.0-next.14":
  version: 0.12.0-next.14
  resolution: "@nomicfoundation/edr-darwin-x64@npm:0.12.0-next.14"
  checksum: 10c0/11c1d6ed384cb1cff9399a07f7cb4b9b1cec530316913a9addc59b489437d385e07aa2cd6203d50e0b7ea2b8235e834cd18ee0aaf6e0ee8ba808a2487507938c
  languageName: node
  linkType: hard

"@nomicfoundation/edr-linux-arm64-gnu@npm:0.12.0-next.14":
  version: 0.12.0-next.14
  resolution: "@nomicfoundation/edr-linux-arm64-gnu@npm:0.12.0-next.14"
  checksum: 10c0/3172b1b45b669cb10559f96ccb4b1e38f8889a1e75ae5937272201bf2a24940316c344f5d3e969b85c1628d514b82b64b22c46afbe413e1bbf71cce76cf2c47e
  languageName: node
  linkType: hard

"@nomicfoundation/edr-linux-arm64-musl@npm:0.12.0-next.14":
  version: 0.12.0-next.14
  resolution: "@nomicfoundation/edr-linux-arm64-musl@npm:0.12.0-next.14"
  checksum: 10c0/3a5416766452f5f961d515899befb901e77c7d654323cadaa463f2fc8805e3a3f69c316998c2ba6549197a79db1c3579086eb78fae346735ca6740bf0ea3dd11
  languageName: node
  linkType: hard

"@nomicfoundation/edr-linux-x64-gnu@npm:0.12.0-next.14":
  version: 0.12.0-next.14
  resolution: "@nomicfoundation/edr-linux-x64-gnu@npm:0.12.0-next.14"
  checksum: 10c0/9ac8cb0e61e4c9809927db774c4484e2f6fabb19cc49f4bd64010115b8130ada6649043082b2372afedc6ca932ed27568af0f5c29c9eb280908238a05302fc8f
  languageName: node
  linkType: hard

"@nomicfoundation/edr-linux-x64-musl@npm:0.12.0-next.14":
  version: 0.12.0-next.14
  resolution: "@nomicfoundation/edr-linux-x64-musl@npm:0.12.0-next.14"
  checksum: 10c0/0e11ab2ac9b243b2a5adf5b83dc8eedaf3c4a791bc86ab6ca0649b7bab71e549e058cc5fb5c70b94b685ae660318feaa45ee7b3ffb7acd37abc0ddcea092ce0a
  languageName: node
  linkType: hard

"@nomicfoundation/edr-win32-x64-msvc@npm:0.12.0-next.14":
  version: 0.12.0-next.14
  resolution: "@nomicfoundation/edr-win32-x64-msvc@npm:0.12.0-next.14"
  checksum: 10c0/c8c339cacd1c8024b2084fb41e9212f7b545c95080162505759bf74ab86d3ff2dfcca7a393d22c55f32972b5091ad8d3106dac749eca4a61c461bafea23024f7
  languageName: node
  linkType: hard

"@nomicfoundation/edr@npm:0.12.0-next.14":
  version: 0.12.0-next.14
  resolution: "@nomicfoundation/edr@npm:0.12.0-next.14"
  dependencies:
    "@nomicfoundation/edr-darwin-arm64": "npm:0.12.0-next.14"
    "@nomicfoundation/edr-darwin-x64": "npm:0.12.0-next.14"
    "@nomicfoundation/edr-linux-arm64-gnu": "npm:0.12.0-next.14"
    "@nomicfoundation/edr-linux-arm64-musl": "npm:0.12.0-next.14"
    "@nomicfoundation/edr-linux-x64-gnu": "npm:0.12.0-next.14"
    "@nomicfoundation/edr-linux-x64-musl": "npm:0.12.0-next.14"
    "@nomicfoundation/edr-win32-x64-msvc": "npm:0.12.0-next.14"
  checksum: 10c0/25c25d6b9236b461f15d90981541ba8426158bbb75b6a25a1957fe9f78e8be74348e0684cf85174acb9541d864f275222ae46badf5ed9a48181d740d5a8ae732
  languageName: node
  linkType: hard

"@nomicfoundation/hardhat-errors@npm:^3.0.0, @nomicfoundation/hardhat-errors@npm:^3.0.4":
  version: 3.0.5
  resolution: "@nomicfoundation/hardhat-errors@npm:3.0.5"
  dependencies:
    "@nomicfoundation/hardhat-utils": "npm:^3.0.1"
  checksum: 10c0/105ec9b6d3c7a00c28e7305b9df621c63093633735f7fc291527e41300d29b3623ab39efecaf071c35073019931dc5894b7d42dfe346225ea18d12edb0aba204
  languageName: node
  linkType: hard

"@nomicfoundation/hardhat-utils@npm:^3.0.1, @nomicfoundation/hardhat-utils@npm:^3.0.2, @nomicfoundation/hardhat-utils@npm:^3.0.5":
  version: 3.0.5
  resolution: "@nomicfoundation/hardhat-utils@npm:3.0.5"
  dependencies:
    "@streamparser/json-node": "npm:^0.0.22"
    debug: "npm:^4.3.2"
    env-paths: "npm:^2.2.0"
    ethereum-cryptography: "npm:^2.2.1"
    fast-equals: "npm:^5.0.1"
    json-stream-stringify: "npm:^3.1.6"
    rfdc: "npm:^1.3.1"
    undici: "npm:^6.16.1"
  checksum: 10c0/fb1a3cd1062f90ce802af9c3db63887ec4d77de28396022d4a8211e6a5594ab2d29b1366f80339a0bbedc5ecf64e9b8c8fc07dda819b5364cc63a992562729e4
  languageName: node
  linkType: hard

"@nomicfoundation/hardhat-zod-utils@npm:^3.0.1":
  version: 3.0.1
  resolution: "@nomicfoundation/hardhat-zod-utils@npm:3.0.1"
  dependencies:
    "@nomicfoundation/hardhat-errors": "npm:^3.0.0"
    "@nomicfoundation/hardhat-utils": "npm:^3.0.2"
  peerDependencies:
    zod: ^3.23.8
  checksum: 10c0/54109a3a03f2837b5a34a3ee34071346104de8d3e5fa22e50ee1347f7428d6cd8e24da40b33b66e868de6015af4f4a18d84b97618db723ac0d4c9cedc6c6b102
  languageName: node
  linkType: hard

"@nomicfoundation/solidity-analyzer-darwin-arm64@npm:0.1.2":
  version: 0.1.2
  resolution: "@nomicfoundation/solidity-analyzer-darwin-arm64@npm:0.1.2"
  checksum: 10c0/ef3b13bb2133fea6621db98f991036a3a84d2b240160edec50beafa6ce821fe2f0f5cd4aa61adb9685aff60cd0425982ffd15e0b868b7c768e90e26b8135b825
  languageName: node
  linkType: hard

"@nomicfoundation/solidity-analyzer-darwin-x64@npm:0.1.2":
  version: 0.1.2
  resolution: "@nomicfoundation/solidity-analyzer-darwin-x64@npm:0.1.2"
  checksum: 10c0/3cb6a00cd200b94efd6f59ed626c705c6f773b92ccf8b90471285cd0e81b35f01edb30c1aa5a4633393c2adb8f20fd34e90c51990dc4e30658e8a67c026d16c9
  languageName: node
  linkType: hard

"@nomicfoundation/solidity-analyzer-linux-arm64-gnu@npm:0.1.2":
  version: 0.1.2
  resolution: "@nomicfoundation/solidity-analyzer-linux-arm64-gnu@npm:0.1.2"
  checksum: 10c0/cb9725e7bdc3ba9c1feaef96dbf831c1a59c700ca633a9929fd97debdcb5ce06b5d7b4e6dbc076279978707214d01e2cd126d8e3f4cabc5c16525c031a47b95c
  languageName: node
  linkType: hard

"@nomicfoundation/solidity-analyzer-linux-arm64-musl@npm:0.1.2":
  version: 0.1.2
  resolution: "@nomicfoundation/solidity-analyzer-linux-arm64-musl@npm:0.1.2"
  checksum: 10c0/82a90b1d09ad266ddc510ece2e397f51fdaf29abf7263d2a3a85accddcba2ac24cceb670a3120800611cdcc552eed04919d071e259fdda7564818359ed541f5d
  languageName: node
  linkType: hard

"@nomicfoundation/solidity-analyzer-linux-x64-gnu@npm:0.1.2":
  version: 0.1.2
  resolution: "@nomicfoundation/solidity-analyzer-linux-x64-gnu@npm:0.1.2"
  checksum: 10c0/d1f20d4d55683bd041ead957e5461b2e43a39e959f905e8866de1d65f8d96118e9b861e994604d9002cb7f056be0844e36c241a6bb531c336b399609977c0998
  languageName: node
  linkType: hard

"@nomicfoundation/solidity-analyzer-linux-x64-musl@npm:0.1.2":
  version: 0.1.2
  resolution: "@nomicfoundation/solidity-analyzer-linux-x64-musl@npm:0.1.2"
  checksum: 10c0/6c17f9af3aaf184c0a217cf723076051c502d85e731dbc97f34b838f9ae1b597577abac54a2af49b3fd986b09131c52fa21fd5393b22d05e1ec7fee96a8249c2
  languageName: node
  linkType: hard

"@nomicfoundation/solidity-analyzer-win32-x64-msvc@npm:0.1.2":
  version: 0.1.2
  resolution: "@nomicfoundation/solidity-analyzer-win32-x64-msvc@npm:0.1.2"
  checksum: 10c0/da198464f5ee0d19b6decdfaa65ee0df3097b8960b8483bb7080931968815a5d60f27191229d47a198955784d763d5996f0b92bfde3551612ad972c160b0b000
  languageName: node
  linkType: hard

"@nomicfoundation/solidity-analyzer@npm:^0.1.1":
  version: 0.1.2
  resolution: "@nomicfoundation/solidity-analyzer@npm:0.1.2"
  dependencies:
    "@nomicfoundation/solidity-analyzer-darwin-arm64": "npm:0.1.2"
    "@nomicfoundation/solidity-analyzer-darwin-x64": "npm:0.1.2"
    "@nomicfoundation/solidity-analyzer-linux-arm64-gnu": "npm:0.1.2"
    "@nomicfoundation/solidity-analyzer-linux-arm64-musl": "npm:0.1.2"
    "@nomicfoundation/solidity-analyzer-linux-x64-gnu": "npm:0.1.2"
    "@nomicfoundation/solidity-analyzer-linux-x64-musl": "npm:0.1.2"
    "@nomicfoundation/solidity-analyzer-win32-x64-msvc": "npm:0.1.2"
  dependenciesMeta:
    "@nomicfoundation/solidity-analyzer-darwin-arm64":
      optional: true
    "@nomicfoundation/solidity-analyzer-darwin-x64":
      optional: true
    "@nomicfoundation/solidity-analyzer-linux-arm64-gnu":
      optional: true
    "@nomicfoundation/solidity-analyzer-linux-arm64-musl":
      optional: true
    "@nomicfoundation/solidity-analyzer-linux-x64-gnu":
      optional: true
    "@nomicfoundation/solidity-analyzer-linux-x64-musl":
      optional: true
    "@nomicfoundation/solidity-analyzer-win32-x64-msvc":
      optional: true
  checksum: 10c0/e4f503e9287e18967535af669ca7e26e2682203c45a34ea85da53122da1dee1278f2b8c76c20c67fadd7c1b1a98eeecffd2cbc136860665e3afa133817c0de54
  languageName: node
  linkType: hard

"@npmcli/agent@npm:^4.0.0":
  version: 4.0.0
  resolution: "@npmcli/agent@npm:4.0.0"
  dependencies:
    agent-base: "npm:^7.1.0"
    http-proxy-agent: "npm:^7.0.0"
    https-proxy-agent: "npm:^7.0.1"
    lru-cache: "npm:^11.2.1"
    socks-proxy-agent: "npm:^8.0.3"
  checksum: 10c0/f7b5ce0f3dd42c3f8c6546e8433573d8049f67ef11ec22aa4704bc41483122f68bf97752e06302c455ead667af5cb753e6a09bff06632bc465c1cfd4c4b75a53
  languageName: node
  linkType: hard

"@npmcli/fs@npm:^5.0.0":
  version: 5.0.0
  resolution: "@npmcli/fs@npm:5.0.0"
  dependencies:
    semver: "npm:^7.3.5"
  checksum: 10c0/26e376d780f60ff16e874a0ac9bc3399186846baae0b6e1352286385ac134d900cc5dafaded77f38d77f86898fc923ae1cee9d7399f0275b1aa24878915d722b
  languageName: node
  linkType: hard

"@scure/base@npm:~1.1.6":
  version: 1.1.9
  resolution: "@scure/base@npm:1.1.9"
  checksum: 10c0/77a06b9a2db8144d22d9bf198338893d77367c51b58c72b99df990c0a11f7cadd066d4102abb15e3ca6798d1529e3765f55c4355742465e49aed7a0c01fe76e8
  languageName: node
  linkType: hard

"@scure/base@npm:~1.2.5":
  version: 1.2.6
  resolution: "@scure/base@npm:1.2.6"
  checksum: 10c0/49bd5293371c4e062cb6ba689c8fe3ea3981b7bb9c000400dc4eafa29f56814cdcdd27c04311c2fec34de26bc373c593a1d6ca6d754398a488d587943b7c128a
  languageName: node
  linkType: hard

"@scure/bip32@npm:1.4.0":
  version: 1.4.0
  resolution: "@scure/bip32@npm:1.4.0"
  dependencies:
    "@noble/curves": "npm:~1.4.0"
    "@noble/hashes": "npm:~1.4.0"
    "@scure/base": "npm:~1.1.6"
  checksum: 10c0/6849690d49a3bf1d0ffde9452eb16ab83478c1bc0da7b914f873e2930cd5acf972ee81320e3df1963eb247cf57e76d2d975b5f97093d37c0e3f7326581bf41bd
  languageName: node
  linkType: hard

"@scure/bip39@npm:1.3.0":
  version: 1.3.0
  resolution: "@scure/bip39@npm:1.3.0"
  dependencies:
    "@noble/hashes": "npm:~1.4.0"
    "@scure/base": "npm:~1.1.6"
  checksum: 10c0/1ae1545a7384a4d9e33e12d9e9f8824f29b0279eb175b0f0657c0a782c217920054f9a1d28eb316a417dfc6c4e0b700d6fbdc6da160670107426d52fcbe017a8
  languageName: node
  linkType: hard

"@sentry/core@npm:^9.4.0":
  version: 9.47.1
  resolution: "@sentry/core@npm:9.47.1"
  checksum: 10c0/ecd33f2c2909d3f1419911d61f8729773228cc6f7626bee7d21b318b1f70485e6cee33482476a9af6c76c0cdeeb8a09155cc1f41b01b20279a0f36336eb0b458
  languageName: node
  linkType: hard

"@streamparser/json-node@npm:^0.0.22":
  version: 0.0.22
  resolution: "@streamparser/json-node@npm:0.0.22"
  dependencies:
    "@streamparser/json": "npm:^0.0.22"
  checksum: 10c0/3b84fbbf93f183dd00e43db5ed994cdc23993548faf8b318fff52c45ca6413ddb03e2be99e407141a8a89673bb19a84949be97b8bb1d22a25bde5c3cdac43074
  languageName: node
  linkType: hard

"@streamparser/json@npm:^0.0.22":
  version: 0.0.22
  resolution: "@streamparser/json@npm:0.0.22"
  checksum: 10c0/4496e286d607e37552c75e1e63ed7e722392d4d91939401ec11eb63c8c7d1fb7a2cf5733f1a60dc63ad95996f12d62f5639724b2c31584bb8ace51b1f3910ccc
  languageName: node
  linkType: hard

"abbrev@npm:^4.0.0":
  version: 4.0.0
  resolution: "abbrev@npm:4.0.0"
  checksum: 10c0/b4cc16935235e80702fc90192e349e32f8ef0ed151ef506aa78c81a7c455ec18375c4125414b99f84b2e055199d66383e787675f0bcd87da7a4dbd59f9eac1d5
  languageName: node
  linkType: hard

"adm-zip@npm:^0.4.16":
  version: 0.4.16
  resolution: "adm-zip@npm:0.4.16"
  checksum: 10c0/c56c6e138fd19006155fc716acae14d54e07c267ae19d78c8a8cdca04762bf20170a71a41aa8d8bad2f13b70d4f3e9a191009bafa5280e05a440ee506f871a55
  languageName: node
  linkType: hard

"agent-base@npm:^7.1.0, agent-base@npm:^7.1.2":
  version: 7.1.4
  resolution: "agent-base@npm:7.1.4"
  checksum: 10c0/c2c9ab7599692d594b6a161559ada307b7a624fa4c7b03e3afdb5a5e31cd0e53269115b620fcab024c5ac6a6f37fa5eb2e004f076ad30f5f7e6b8b671f7b35fe
  languageName: node
  linkType: hard

"ansi-colors@npm:^4.1.1":
  version: 4.1.3
  resolution: "ansi-colors@npm:4.1.3"
  checksum: 10c0/ec87a2f59902f74e61eada7f6e6fe20094a628dab765cfdbd03c3477599368768cffccdb5d3bb19a1b6c99126783a143b1fee31aab729b31ffe5836c7e5e28b9
  languageName: node
  linkType: hard

"ansi-regex@npm:^5.0.1":
  version: 5.0.1
  resolution: "ansi-regex@npm:5.0.1"
  checksum: 10c0/9a64bb8627b434ba9327b60c027742e5d17ac69277960d041898596271d992d4d52ba7267a63ca10232e29f6107fc8a835f6ce8d719b88c5f8493f8254813737
  languageName: node
  linkType: hard

"cacache@npm:^20.0.1":
  version: 20.0.3
  resolution: "cacache@npm:20.0.3"
  dependencies:
    "@npmcli/fs": "npm:^5.0.0"
    fs-minipass: "npm:^3.0.0"
    glob: "npm:^13.0.0"
    lru-cache: "npm:^11.1.0"
    minipass: "npm:^7.0.3"
    minipass-collect: "npm:^2.0.1"
    minipass-flush: "npm:^1.0.5"
    minipass-pipeline: "npm:^1.2.4"
    p-map: "npm:^7.0.2"
    ssri: "npm:^13.0.0"
    unique-filename: "npm:^5.0.0"
  checksum: 10c0/c7da1ca694d20e8f8aedabd21dc11518f809a7d2b59aa76a1fc655db5a9e62379e465c157ddd2afe34b19230808882288effa6911b2de26a088a6d5645123462
  languageName: node
  linkType: hard

"chalk@npm:^5.3.0":
  version: 5.6.2
  resolution: "chalk@npm:5.6.2"
  checksum: 10c0/99a4b0f0e7991796b1e7e3f52dceb9137cae2a9dfc8fc0784a550dc4c558e15ab32ed70b14b21b52beb2679b4892b41a0aa44249bcb996f01e125d58477c6976
  languageName: node
  linkType: hard

"chokidar@npm:^4.0.3":
  version: 4.0.3
  resolution: "chokidar@npm:4.0.3"
  dependencies:
    readdirp: "npm:^4.0.1"
  checksum: 10c0/a58b9df05bb452f7d105d9e7229ac82fa873741c0c40ddcc7bb82f8a909fbe3f7814c9ebe9bc9a2bef9b737c0ec6e2d699d179048ef06ad3ec46315df0ebe6ad
  languageName: node
  linkType: hard

"chownr@npm:^3.0.0":
  version: 3.0.0
  resolution: "chownr@npm:3.0.0"
  checksum: 10c0/43925b87700f7e3893296c8e9c56cc58f926411cce3a6e5898136daaf08f08b9a8eb76d37d3267e707d0dcc17aed2e2ebdf5848c0c3ce95cf910a919935c1b10
  languageName: node
  linkType: hard

"confidential-token@workspace:.":
  version: 0.0.0-use.local
  resolution: "confidential-token@workspace:."
  dependencies:
    hardhat: "npm:^3.0.15"
  languageName: unknown
  linkType: soft

"debug@npm:4, debug@npm:^4.3.2, debug@npm:^4.3.4":
  version: 4.4.3
  resolution: "debug@npm:4.4.3"
  dependencies:
    ms: "npm:^2.1.3"
  peerDependenciesMeta:
    supports-color:
      optional: true
  checksum: 10c0/d79136ec6c83ecbefd0f6a5593da6a9c91ec4d7ddc4b54c883d6e71ec9accb5f67a1a5e96d00a328196b5b5c86d365e98d8a3a70856aaf16b4e7b1985e67f5a6
  languageName: node
  linkType: hard

"encoding@npm:^0.1.13":
  version: 0.1.13
  resolution: "encoding@npm:0.1.13"
  dependencies:
    iconv-lite: "npm:^0.6.2"
  checksum: 10c0/36d938712ff00fe1f4bac88b43bcffb5930c1efa57bbcdca9d67e1d9d6c57cfb1200fb01efe0f3109b2ce99b231f90779532814a81370a1bd3274a0f58585039
  languageName: node
  linkType: hard

"enquirer@npm:^2.3.0":
  version: 2.4.1
  resolution: "enquirer@npm:2.4.1"
  dependencies:
    ansi-colors: "npm:^4.1.1"
    strip-ansi: "npm:^6.0.1"
  checksum: 10c0/43850479d7a51d36a9c924b518dcdc6373b5a8ae3401097d336b7b7e258324749d0ad37a1fcaa5706f04799baa05585cd7af19ebdf7667673e7694435fcea918
  languageName: node
  linkType: hard

"env-paths@npm:^2.2.0":
  version: 2.2.1
  resolution: "env-paths@npm:2.2.1"
  checksum: 10c0/285325677bf00e30845e330eec32894f5105529db97496ee3f598478e50f008c5352a41a30e5e72ec9de8a542b5a570b85699cd63bd2bc646dbcb9f311d83bc4
  languageName: node
  linkType: hard

"err-code@npm:^2.0.2":
  version: 2.0.3
  resolution: "err-code@npm:2.0.3"
  checksum: 10c0/b642f7b4dd4a376e954947550a3065a9ece6733ab8e51ad80db727aaae0817c2e99b02a97a3d6cecc648a97848305e728289cf312d09af395403a90c9d4d8a66
  languageName: node
  linkType: hard

"esbuild@npm:~0.25.0":
  version: 0.25.12
  resolution: "esbuild@npm:0.25.12"
  dependencies:
    "@esbuild/aix-ppc64": "npm:0.25.12"
    "@esbuild/android-arm": "npm:0.25.12"
    "@esbuild/android-arm64": "npm:0.25.12"
    "@esbuild/android-x64": "npm:0.25.12"
    "@esbuild/darwin-arm64": "npm:0.25.12"
    "@esbuild/darwin-x64": "npm:0.25.12"
    "@esbuild/freebsd-arm64": "npm:0.25.12"
    "@esbuild/freebsd-x64": "npm:0.25.12"
    "@esbuild/linux-arm": "npm:0.25.12"
    "@esbuild/linux-arm64": "npm:0.25.12"
    "@esbuild/linux-ia32": "npm:0.25.12"
    "@esbuild/linux-loong64": "npm:0.25.12"
    "@esbuild/linux-mips64el": "npm:0.25.12"
    "@esbuild/linux-ppc64": "npm:0.25.12"
    "@esbuild/linux-riscv64": "npm:0.25.12"
    "@esbuild/linux-s390x": "npm:0.25.12"
    "@esbuild/linux-x64": "npm:0.25.12"
    "@esbuild/netbsd-arm64": "npm:0.25.12"
    "@esbuild/netbsd-x64": "npm:0.25.12"
    "@esbuild/openbsd-arm64": "npm:0.25.12"
    "@esbuild/openbsd-x64": "npm:0.25.12"
    "@esbuild/openharmony-arm64": "npm:0.25.12"
    "@esbuild/sunos-x64": "npm:0.25.12"
    "@esbuild/win32-arm64": "npm:0.25.12"
    "@esbuild/win32-ia32": "npm:0.25.12"
    "@esbuild/win32-x64": "npm:0.25.12"
  dependenciesMeta:
    "@esbuild/aix-ppc64":
      optional: true
    "@esbuild/android-arm":
      optional: true
    "@esbuild/android-arm64":
      optional: true
    "@esbuild/android-x64":
      optional: true
    "@esbuild/darwin-arm64":
      optional: true
    "@esbuild/darwin-x64":
      optional: true
    "@esbuild/freebsd-arm64":
      optional: true
    "@esbuild/freebsd-x64":
      optional: true
    "@esbuild/linux-arm":
      optional: true
    "@esbuild/linux-arm64":
      optional: true
    "@esbuild/linux-ia32":
      optional: true
    "@esbuild/linux-loong64":
      optional: true
    "@esbuild/linux-mips64el":
      optional: true
    "@esbuild/linux-ppc64":
      optional: true
    "@esbuild/linux-riscv64":
      optional: true
    "@esbuild/linux-s390x":
      optional: true
    "@esbuild/linux-x64":
      optional: true
    "@esbuild/netbsd-arm64":
      optional: true
    "@esbuild/netbsd-x64":
      optional: true
    "@esbuild/openbsd-arm64":
      optional: true
    "@esbuild/openbsd-x64":
      optional: true
    "@esbuild/openharmony-arm64":
      optional: true
    "@esbuild/sunos-x64":
      optional: true
    "@esbuild/win32-arm64":
      optional: true
    "@esbuild/win32-ia32":
      optional: true
    "@esbuild/win32-x64":
      optional: true
  bin:
    esbuild: bin/esbuild
  checksum: 10c0/c205357531423220a9de8e1e6c6514242bc9b1666e762cd67ccdf8fdfdc3f1d0bd76f8d9383958b97ad4c953efdb7b6e8c1f9ca5951cd2b7c5235e8755b34a6b
  languageName: node
  linkType: hard

"ethereum-cryptography@npm:^2.2.1":
  version: 2.2.1
  resolution: "ethereum-cryptography@npm:2.2.1"
  dependencies:
    "@noble/curves": "npm:1.4.2"
    "@noble/hashes": "npm:1.4.0"
    "@scure/bip32": "npm:1.4.0"
    "@scure/bip39": "npm:1.3.0"
  checksum: 10c0/c6c7626d393980577b57f709878b2eb91f270fe56116044b1d7afb70d5c519cddc0c072e8c05e4a335e05342eb64d9c3ab39d52f78bb75f76ad70817da9645ef
  languageName: node
  linkType: hard

"exponential-backoff@npm:^3.1.1":
  version: 3.1.3
  resolution: "exponential-backoff@npm:3.1.3"
  checksum: 10c0/77e3ae682b7b1f4972f563c6dbcd2b0d54ac679e62d5d32f3e5085feba20483cf28bd505543f520e287a56d4d55a28d7874299941faf637e779a1aa5994d1267
  languageName: node
  linkType: hard

"fast-equals@npm:^5.0.1":
  version: 5.3.3
  resolution: "fast-equals@npm:5.3.3"
  checksum: 10c0/a186cbfe4d9171911af9c6bb02d059e28bc177f66527790bf95d35a08f6f070033caea5755d2bbf2ce7af56374c1d4d854ee8184f9e906e3e01b54dbd09c414c
  languageName: node
  linkType: hard

"fdir@npm:^6.5.0":
  version: 6.5.0
  resolution: "fdir@npm:6.5.0"
  peerDependencies:
    picomatch: ^3 || ^4
  peerDependenciesMeta:
    picomatch:
      optional: true
  checksum: 10c0/e345083c4306b3aed6cb8ec551e26c36bab5c511e99ea4576a16750ddc8d3240e63826cc624f5ae17ad4dc82e68a253213b60d556c11bfad064b7607847ed07f
  languageName: node
  linkType: hard

"fs-minipass@npm:^3.0.0":
  version: 3.0.3
  resolution: "fs-minipass@npm:3.0.3"
  dependencies:
    minipass: "npm:^7.0.3"
  checksum: 10c0/63e80da2ff9b621e2cb1596abcb9207f1cf82b968b116ccd7b959e3323144cce7fb141462200971c38bbf2ecca51695069db45265705bed09a7cd93ae5b89f94
  languageName: node
  linkType: hard

"fsevents@npm:~2.3.3":
  version: 2.3.3
  resolution: "fsevents@npm:2.3.3"
  dependencies:
    node-gyp: "npm:latest"
  checksum: 10c0/a1f0c44595123ed717febbc478aa952e47adfc28e2092be66b8ab1635147254ca6cfe1df792a8997f22716d4cbafc73309899ff7bfac2ac3ad8cf2e4ecc3ec60
  conditions: os=darwin
  languageName: node
  linkType: hard

"fsevents@patch:fsevents@npm%3A~2.3.3#optional!builtin<compat/fsevents>":
  version: 2.3.3
  resolution: "fsevents@patch:fsevents@npm%3A2.3.3#optional!builtin<compat/fsevents>::version=2.3.3&hash=df0bf1"
  dependencies:
    node-gyp: "npm:latest"
  conditions: os=darwin
  languageName: node
  linkType: hard

"get-tsconfig@npm:^4.7.5":
  version: 4.13.0
  resolution: "get-tsconfig@npm:4.13.0"
  dependencies:
    resolve-pkg-maps: "npm:^1.0.0"
  checksum: 10c0/2c49ef8d3907047a107f229fd610386fe3b7fe9e42dfd6b42e7406499493cdda8c62e83e57e8d7a98125610774b9f604d3a0ff308d7f9de5c7ac6d1b07cb6036
  languageName: node
  linkType: hard

"glob@npm:^13.0.0":
  version: 13.0.0
  resolution: "glob@npm:13.0.0"
  dependencies:
    minimatch: "npm:^10.1.1"
    minipass: "npm:^7.1.2"
    path-scurry: "npm:^2.0.0"
  checksum: 10c0/8e2f5821f3f7c312dd102e23a15b80c79e0837a9872784293ba2e15ec73b3f3749a49a42a31bfcb4e52c84820a474e92331c2eebf18819d20308f5c33876630a
  languageName: node
  linkType: hard

"graceful-fs@npm:^4.2.6":
  version: 4.2.11
  resolution: "graceful-fs@npm:4.2.11"
  checksum: 10c0/386d011a553e02bc594ac2ca0bd6d9e4c22d7fa8cfbfc448a6d148c59ea881b092db9dbe3547ae4b88e55f1b01f7c4a2ecc53b310c042793e63aa44cf6c257f2
  languageName: node
  linkType: hard

"hardhat@npm:^3.0.15":
  version: 3.0.15
  resolution: "hardhat@npm:3.0.15"
  dependencies:
    "@nomicfoundation/edr": "npm:0.12.0-next.14"
    "@nomicfoundation/hardhat-errors": "npm:^3.0.4"
    "@nomicfoundation/hardhat-utils": "npm:^3.0.5"
    "@nomicfoundation/hardhat-zod-utils": "npm:^3.0.1"
    "@nomicfoundation/solidity-analyzer": "npm:^0.1.1"
    "@sentry/core": "npm:^9.4.0"
    adm-zip: "npm:^0.4.16"
    chalk: "npm:^5.3.0"
    chokidar: "npm:^4.0.3"
    debug: "npm:^4.3.2"
    enquirer: "npm:^2.3.0"
    ethereum-cryptography: "npm:^2.2.1"
    micro-eth-signer: "npm:^0.14.0"
    p-map: "npm:^7.0.2"
    resolve.exports: "npm:^2.0.3"
    semver: "npm:^7.6.3"
    tsx: "npm:^4.19.3"
    ws: "npm:^8.18.0"
    zod: "npm:^3.23.8"
  bin:
    hardhat: dist/src/cli.js
  checksum: 10c0/292ae34ebc8462e2bbba1b4ceadd62282800c66fe8dc9f215a7eac160d9d96dddfe045a18b55819637f73df194c665c4797d1144ab713a59f458e7ee3c98dd41
  languageName: node
  linkType: hard

"http-cache-semantics@npm:^4.1.1":
  version: 4.2.0
  resolution: "http-cache-semantics@npm:4.2.0"
  checksum: 10c0/45b66a945cf13ec2d1f29432277201313babf4a01d9e52f44b31ca923434083afeca03f18417f599c9ab3d0e7b618ceb21257542338b57c54b710463b4a53e37
  languageName: node
  linkType: hard

"http-proxy-agent@npm:^7.0.0":
  version: 7.0.2
  resolution: "http-proxy-agent@npm:7.0.2"
  dependencies:
    agent-base: "npm:^7.1.0"
    debug: "npm:^4.3.4"
  checksum: 10c0/4207b06a4580fb85dd6dff521f0abf6db517489e70863dca1a0291daa7f2d3d2d6015a57bd702af068ea5cf9f1f6ff72314f5f5b4228d299c0904135d2aef921
  languageName: node
  linkType: hard

"https-proxy-agent@npm:^7.0.1":
  version: 7.0.6
  resolution: "https-proxy-agent@npm:7.0.6"
  dependencies:
    agent-base: "npm:^7.1.2"
    debug: "npm:4"
  checksum: 10c0/f729219bc735edb621fa30e6e84e60ee5d00802b8247aac0d7b79b0bd6d4b3294737a337b93b86a0bd9e68099d031858a39260c976dc14cdbba238ba1f8779ac
  languageName: node
  linkType: hard

"iconv-lite@npm:^0.6.2":
  version: 0.6.3
  resolution: "iconv-lite@npm:0.6.3"
  dependencies:
    safer-buffer: "npm:>= 2.1.2 < 3.0.0"
  checksum: 10c0/98102bc66b33fcf5ac044099d1257ba0b7ad5e3ccd3221f34dd508ab4070edff183276221684e1e0555b145fce0850c9f7d2b60a9fcac50fbb4ea0d6e845a3b1
  languageName: node
  linkType: hard

"imurmurhash@npm:^0.1.4":
  version: 0.1.4
  resolution: "imurmurhash@npm:0.1.4"
  checksum: 10c0/8b51313850dd33605c6c9d3fd9638b714f4c4c40250cff658209f30d40da60f78992fb2df5dabee4acf589a6a82bbc79ad5486550754bd9ec4e3fc0d4a57d6a6
  languageName: node
  linkType: hard

"ip-address@npm:^10.0.1":
  version: 10.1.0
  resolution: "ip-address@npm:10.1.0"
  checksum: 10c0/0103516cfa93f6433b3bd7333fa876eb21263912329bfa47010af5e16934eeeff86f3d2ae700a3744a137839ddfad62b900c7a445607884a49b5d1e32a3d7566
  languageName: node
  linkType: hard

"isexe@npm:^3.1.1":
  version: 3.1.1
  resolution: "isexe@npm:3.1.1"
  checksum: 10c0/9ec257654093443eb0a528a9c8cbba9c0ca7616ccb40abd6dde7202734d96bb86e4ac0d764f0f8cd965856aacbff2f4ce23e730dc19dfb41e3b0d865ca6fdcc7
  languageName: node
  linkType: hard

"json-stream-stringify@npm:^3.1.6":
  version: 3.1.6
  resolution: "json-stream-stringify@npm:3.1.6"
  checksum: 10c0/cb45e65143f4634ebb2dc0732410a942eaf86f88a7938b2f6397f4c6b96a7ba936e74d4d17db48c9221f669153996362b2ff50fe8c7fed8a7548646f98ae1f58
  languageName: node
  linkType: hard

"lru-cache@npm:^11.0.0, lru-cache@npm:^11.1.0, lru-cache@npm:^11.2.1":
  version: 11.2.2
  resolution: "lru-cache@npm:11.2.2"
  checksum: 10c0/72d7831bbebc85e2bdefe01047ee5584db69d641c48d7a509e86f66f6ee111b30af7ec3bd68a967d47b69a4b1fa8bbf3872630bd06a63b6735e6f0a5f1c8e83d
  languageName: node
  linkType: hard

"make-fetch-happen@npm:^15.0.0":
  version: 15.0.3
  resolution: "make-fetch-happen@npm:15.0.3"
  dependencies:
    "@npmcli/agent": "npm:^4.0.0"
    cacache: "npm:^20.0.1"
    http-cache-semantics: "npm:^4.1.1"
    minipass: "npm:^7.0.2"
    minipass-fetch: "npm:^5.0.0"
    minipass-flush: "npm:^1.0.5"
    minipass-pipeline: "npm:^1.2.4"
    negotiator: "npm:^1.0.0"
    proc-log: "npm:^6.0.0"
    promise-retry: "npm:^2.0.1"
    ssri: "npm:^13.0.0"
  checksum: 10c0/525f74915660be60b616bcbd267c4a5b59481b073ba125e45c9c3a041bb1a47a2bd0ae79d028eb6f5f95bf9851a4158423f5068539c3093621abb64027e8e461
  languageName: node
  linkType: hard

"micro-eth-signer@npm:^0.14.0":
  version: 0.14.0
  resolution: "micro-eth-signer@npm:0.14.0"
  dependencies:
    "@noble/curves": "npm:~1.8.1"
    "@noble/hashes": "npm:~1.7.1"
    micro-packed: "npm:~0.7.2"
  checksum: 10c0/62c90d54d2b97cb4eaf713c69bc4ceb5903012d0237c26f0966076cfb89c4527de68b395e1bc29e6f237152ce08f7b551fb57b332003518a1331c2c0890fb164
  languageName: node
  linkType: hard

"micro-packed@npm:~0.7.2":
  version: 0.7.3
  resolution: "micro-packed@npm:0.7.3"
  dependencies:
    "@scure/base": "npm:~1.2.5"
  checksum: 10c0/1fde48a96d8d5606d3298ff36717bf7483d6d59e2d96f50cb88727379127a4d52881f48e7e1ce0d4906b2711b1902fb04d2128576326ce4d07e171ac022a4c2d
  languageName: node
  linkType: hard

"minimatch@npm:^10.1.1":
  version: 10.1.1
  resolution: "minimatch@npm:10.1.1"
  dependencies:
    "@isaacs/brace-expansion": "npm:^5.0.0"
  checksum: 10c0/c85d44821c71973d636091fddbfbffe62370f5ee3caf0241c5b60c18cd289e916200acb2361b7e987558cd06896d153e25d505db9fc1e43e6b4b6752e2702902
  languageName: node
  linkType: hard

"minipass-collect@npm:^2.0.1":
  version: 2.0.1
  resolution: "minipass-collect@npm:2.0.1"
  dependencies:
    minipass: "npm:^7.0.3"
  checksum: 10c0/5167e73f62bb74cc5019594709c77e6a742051a647fe9499abf03c71dca75515b7959d67a764bdc4f8b361cf897fbf25e2d9869ee039203ed45240f48b9aa06e
  languageName: node
  linkType: hard

"minipass-fetch@npm:^5.0.0":
  version: 5.0.0
  resolution: "minipass-fetch@npm:5.0.0"
  dependencies:
    encoding: "npm:^0.1.13"
    minipass: "npm:^7.0.3"
    minipass-sized: "npm:^1.0.3"
    minizlib: "npm:^3.0.1"
  dependenciesMeta:
    encoding:
      optional: true
  checksum: 10c0/9443aab5feab190972f84b64116e54e58dd87a58e62399cae0a4a7461b80568281039b7c3a38ba96453431ebc799d1e26999e548540156216729a4967cd5ef06
  languageName: node
  linkType: hard

"minipass-flush@npm:^1.0.5":
  version: 1.0.5
  resolution: "minipass-flush@npm:1.0.5"
  dependencies:
    minipass: "npm:^3.0.0"
  checksum: 10c0/2a51b63feb799d2bb34669205eee7c0eaf9dce01883261a5b77410c9408aa447e478efd191b4de6fc1101e796ff5892f8443ef20d9544385819093dbb32d36bd
  languageName: node
  linkType: hard

"minipass-pipeline@npm:^1.2.4":
  version: 1.2.4
  resolution: "minipass-pipeline@npm:1.2.4"
  dependencies:
    minipass: "npm:^3.0.0"
  checksum: 10c0/cbda57cea20b140b797505dc2cac71581a70b3247b84480c1fed5ca5ba46c25ecc25f68bfc9e6dcb1a6e9017dab5c7ada5eab73ad4f0a49d84e35093e0c643f2
  languageName: node
  linkType: hard

"minipass-sized@npm:^1.0.3":
  version: 1.0.3
  resolution: "minipass-sized@npm:1.0.3"
  dependencies:
    minipass: "npm:^3.0.0"
  checksum: 10c0/298f124753efdc745cfe0f2bdfdd81ba25b9f4e753ca4a2066eb17c821f25d48acea607dfc997633ee5bf7b6dfffb4eee4f2051eb168663f0b99fad2fa4829cb
  languageName: node
  linkType: hard

"minipass@npm:^3.0.0":
  version: 3.3.6
  resolution: "minipass@npm:3.3.6"
  dependencies:
    yallist: "npm:^4.0.0"
  checksum: 10c0/a114746943afa1dbbca8249e706d1d38b85ed1298b530f5808ce51f8e9e941962e2a5ad2e00eae7dd21d8a4aae6586a66d4216d1a259385e9d0358f0c1eba16c
  languageName: node
  linkType: hard

"minipass@npm:^7.0.2, minipass@npm:^7.0.3, minipass@npm:^7.0.4, minipass@npm:^7.1.2":
  version: 7.1.2
  resolution: "minipass@npm:7.1.2"
  checksum: 10c0/b0fd20bb9fb56e5fa9a8bfac539e8915ae07430a619e4b86ff71f5fc757ef3924b23b2c4230393af1eda647ed3d75739e4e0acb250a6b1eb277cf7f8fe449557
  languageName: node
  linkType: hard

"minizlib@npm:^3.0.1, minizlib@npm:^3.1.0":
  version: 3.1.0
  resolution: "minizlib@npm:3.1.0"
  dependencies:
    minipass: "npm:^7.1.2"
  checksum: 10c0/5aad75ab0090b8266069c9aabe582c021ae53eb33c6c691054a13a45db3b4f91a7fb1bd79151e6b4e9e9a86727b522527c0a06ec7d45206b745d54cd3097bcec
  languageName: node
  linkType: hard

"ms@npm:^2.1.3":
  version: 2.1.3
  resolution: "ms@npm:2.1.3"
  checksum: 10c0/d924b57e7312b3b63ad21fc5b3dc0af5e78d61a1fc7cfb5457edaf26326bf62be5307cc87ffb6862ef1c2b33b0233cdb5d4f01c4c958cc0d660948b65a287a48
  languageName: node
  linkType: hard

"negotiator@npm:^1.0.0":
  version: 1.0.0
  resolution: "negotiator@npm:1.0.0"
  checksum: 10c0/4c559dd52669ea48e1914f9d634227c561221dd54734070791f999c52ed0ff36e437b2e07d5c1f6e32909fc625fe46491c16e4a8f0572567d4dd15c3a4fda04b
  languageName: node
  linkType: hard

"node-gyp@npm:latest":
  version: 12.1.0
  resolution: "node-gyp@npm:12.1.0"
  dependencies:
    env-paths: "npm:^2.2.0"
    exponential-backoff: "npm:^3.1.1"
    graceful-fs: "npm:^4.2.6"
    make-fetch-happen: "npm:^15.0.0"
    nopt: "npm:^9.0.0"
    proc-log: "npm:^6.0.0"
    semver: "npm:^7.3.5"
    tar: "npm:^7.5.2"
    tinyglobby: "npm:^0.2.12"
    which: "npm:^6.0.0"
  bin:
    node-gyp: bin/node-gyp.js
  checksum: 10c0/f43efea8aaf0beb6b2f6184e533edad779b2ae38062953e21951f46221dd104006cc574154f2ad4a135467a5aae92c49e84ef289311a82e08481c5df0e8dc495
  languageName: node
  linkType: hard

"nopt@npm:^9.0.0":
  version: 9.0.0
  resolution: "nopt@npm:9.0.0"
  dependencies:
    abbrev: "npm:^4.0.0"
  bin:
    nopt: bin/nopt.js
  checksum: 10c0/1822eb6f9b020ef6f7a7516d7b64a8036e09666ea55ac40416c36e4b2b343122c3cff0e2f085675f53de1d2db99a2a89a60ccea1d120bcd6a5347bf6ceb4a7fd
  languageName: node
  linkType: hard

"p-map@npm:^7.0.2":
  version: 7.0.4
  resolution: "p-map@npm:7.0.4"
  checksum: 10c0/a5030935d3cb2919d7e89454d1ce82141e6f9955413658b8c9403cfe379283770ed3048146b44cde168aa9e8c716505f196d5689db0ae3ce9a71521a2fef3abd
  languageName: node
  linkType: hard

"path-scurry@npm:^2.0.0":
  version: 2.0.1
  resolution: "path-scurry@npm:2.0.1"
  dependencies:
    lru-cache: "npm:^11.0.0"
    minipass: "npm:^7.1.2"
  checksum: 10c0/2a16ed0e81fbc43513e245aa5763354e25e787dab0d539581a6c3f0f967461a159ed6236b2559de23aa5b88e7dc32b469b6c47568833dd142a4b24b4f5cd2620
  languageName: node
  linkType: hard

"picomatch@npm:^4.0.3":
  version: 4.0.3
  resolution: "picomatch@npm:4.0.3"
  checksum: 10c0/9582c951e95eebee5434f59e426cddd228a7b97a0161a375aed4be244bd3fe8e3a31b846808ea14ef2c8a2527a6eeab7b3946a67d5979e81694654f939473ae2
  languageName: node
  linkType: hard

"proc-log@npm:^6.0.0":
  version: 6.1.0
  resolution: "proc-log@npm:6.1.0"
  checksum: 10c0/4f178d4062733ead9d71a9b1ab24ebcecdfe2250916a5b1555f04fe2eda972a0ec76fbaa8df1ad9c02707add6749219d118a4fc46dc56bdfe4dde4b47d80bb82
  languageName: node
  linkType: hard

"promise-retry@npm:^2.0.1":
  version: 2.0.1
  resolution: "promise-retry@npm:2.0.1"
  dependencies:
    err-code: "npm:^2.0.2"
    retry: "npm:^0.12.0"
  checksum: 10c0/9c7045a1a2928094b5b9b15336dcd2a7b1c052f674550df63cc3f36cd44028e5080448175b6f6ca32b642de81150f5e7b1a98b728f15cb069f2dd60ac2616b96
  languageName: node
  linkType: hard

"readdirp@npm:^4.0.1":
  version: 4.1.2
  resolution: "readdirp@npm:4.1.2"
  checksum: 10c0/60a14f7619dec48c9c850255cd523e2717001b0e179dc7037cfa0895da7b9e9ab07532d324bfb118d73a710887d1e35f79c495fa91582784493e085d18c72c62
  languageName: node
  linkType: hard

"resolve-pkg-maps@npm:^1.0.0":
  version: 1.0.0
  resolution: "resolve-pkg-maps@npm:1.0.0"
  checksum: 10c0/fb8f7bbe2ca281a73b7ef423a1cbc786fb244bd7a95cbe5c3fba25b27d327150beca8ba02f622baea65919a57e061eb5005204daa5f93ed590d9b77463a567ab
  languageName: node
  linkType: hard

"resolve.exports@npm:^2.0.3":
  version: 2.0.3
  resolution: "resolve.exports@npm:2.0.3"
  checksum: 10c0/1ade1493f4642a6267d0a5e68faeac20b3d220f18c28b140343feb83694d8fed7a286852aef43689d16042c61e2ddb270be6578ad4a13990769e12065191200d
  languageName: node
  linkType: hard

"retry@npm:^0.12.0":
  version: 0.12.0
  resolution: "retry@npm:0.12.0"
  checksum: 10c0/59933e8501727ba13ad73ef4a04d5280b3717fd650408460c987392efe9d7be2040778ed8ebe933c5cbd63da3dcc37919c141ef8af0a54a6e4fca5a2af177bfe
  languageName: node
  linkType: hard

"rfdc@npm:^1.3.1":
  version: 1.4.1
  resolution: "rfdc@npm:1.4.1"
  checksum: 10c0/4614e4292356cafade0b6031527eea9bc90f2372a22c012313be1dcc69a3b90c7338158b414539be863fa95bfcb2ddcd0587be696841af4e6679d85e62c060c7
  languageName: node
  linkType: hard

"safer-buffer@npm:>= 2.1.2 < 3.0.0":
  version: 2.1.2
  resolution: "safer-buffer@npm:2.1.2"
  checksum: 10c0/7e3c8b2e88a1841c9671094bbaeebd94448111dd90a81a1f606f3f67708a6ec57763b3b47f06da09fc6054193e0e6709e77325415dc8422b04497a8070fa02d4
  languageName: node
  linkType: hard

"semver@npm:^7.3.5, semver@npm:^7.6.3":
  version: 7.7.3
  resolution: "semver@npm:7.7.3"
  bin:
    semver: bin/semver.js
  checksum: 10c0/4afe5c986567db82f44c8c6faef8fe9df2a9b1d98098fc1721f57c696c4c21cebd572f297fc21002f81889492345b8470473bc6f4aff5fb032a6ea59ea2bc45e
  languageName: node
  linkType: hard

"smart-buffer@npm:^4.2.0":
  version: 4.2.0
  resolution: "smart-buffer@npm:4.2.0"
  checksum: 10c0/a16775323e1404dd43fabafe7460be13a471e021637bc7889468eb45ce6a6b207261f454e4e530a19500cc962c4cc5348583520843b363f4193cee5c00e1e539
  languageName: node
  linkType: hard

"socks-proxy-agent@npm:^8.0.3":
  version: 8.0.5
  resolution: "socks-proxy-agent@npm:8.0.5"
  dependencies:
    agent-base: "npm:^7.1.2"
    debug: "npm:^4.3.4"
    socks: "npm:^2.8.3"
  checksum: 10c0/5d2c6cecba6821389aabf18728325730504bf9bb1d9e342e7987a5d13badd7a98838cc9a55b8ed3cb866ad37cc23e1086f09c4d72d93105ce9dfe76330e9d2a6
  languageName: node
  linkType: hard

"socks@npm:^2.8.3":
  version: 2.8.7
  resolution: "socks@npm:2.8.7"
  dependencies:
    ip-address: "npm:^10.0.1"
    smart-buffer: "npm:^4.2.0"
  checksum: 10c0/2805a43a1c4bcf9ebf6e018268d87b32b32b06fbbc1f9282573583acc155860dc361500f89c73bfbb157caa1b4ac78059eac0ef15d1811eb0ca75e0bdadbc9d2
  languageName: node
  linkType: hard

"ssri@npm:^13.0.0":
  version: 13.0.0
  resolution: "ssri@npm:13.0.0"
  dependencies:
    minipass: "npm:^7.0.3"
  checksum: 10c0/405f3a531cd98b013cecb355d63555dca42fd12c7bc6671738aaa9a82882ff41cdf0ef9a2b734ca4f9a760338f114c29d01d9238a65db3ccac27929bd6e6d4b2
  languageName: node
  linkType: hard

"strip-ansi@npm:^6.0.1":
  version: 6.0.1
  resolution: "strip-ansi@npm:6.0.1"
  dependencies:
    ansi-regex: "npm:^5.0.1"
  checksum: 10c0/1ae5f212a126fe5b167707f716942490e3933085a5ff6c008ab97ab2f272c8025d3aa218b7bd6ab25729ca20cc81cddb252102f8751e13482a5199e873680952
  languageName: node
  linkType: hard

"tar@npm:^7.5.2":
  version: 7.5.2
  resolution: "tar@npm:7.5.2"
  dependencies:
    "@isaacs/fs-minipass": "npm:^4.0.0"
    chownr: "npm:^3.0.0"
    minipass: "npm:^7.1.2"
    minizlib: "npm:^3.1.0"
    yallist: "npm:^5.0.0"
  checksum: 10c0/a7d8b801139b52f93a7e34830db0de54c5aa45487c7cb551f6f3d44a112c67f1cb8ffdae856b05fd4f17b1749911f1c26f1e3a23bbe0279e17fd96077f13f467
  languageName: node
  linkType: hard

"tinyglobby@npm:^0.2.12":
  version: 0.2.15
  resolution: "tinyglobby@npm:0.2.15"
  dependencies:
    fdir: "npm:^6.5.0"
    picomatch: "npm:^4.0.3"
  checksum: 10c0/869c31490d0d88eedb8305d178d4c75e7463e820df5a9b9d388291daf93e8b1eb5de1dad1c1e139767e4269fe75f3b10d5009b2cc14db96ff98986920a186844
  languageName: node
  linkType: hard

"tsx@npm:^4.19.3":
  version: 4.20.6
  resolution: "tsx@npm:4.20.6"
  dependencies:
    esbuild: "npm:~0.25.0"
    fsevents: "npm:~2.3.3"
    get-tsconfig: "npm:^4.7.5"
  dependenciesMeta:
    fsevents:
      optional: true
  bin:
    tsx: dist/cli.mjs
  checksum: 10c0/07757a9bf62c271e0a00869b2008c5f2d6e648766536e4faf27d9d8027b7cde1ac8e4871f4bb570c99388bcee0018e6869dad98c07df809b8052f9c549cd216f
  languageName: node
  linkType: hard

"undici@npm:^6.16.1":
  version: 6.22.0
  resolution: "undici@npm:6.22.0"
  checksum: 10c0/47903c489d73e26bd47960cf2f04d63282ed050818b672cb05f8dfb6403381b850cf1b1751832654fd3af22aacd9d780e5e61aff563cd97943f5c4f10d5b3e23
  languageName: node
  linkType: hard

"unique-filename@npm:^5.0.0":
  version: 5.0.0
  resolution: "unique-filename@npm:5.0.0"
  dependencies:
    unique-slug: "npm:^6.0.0"
  checksum: 10c0/afb897e9cf4c2fb622ea716f7c2bb462001928fc5f437972213afdf1cc32101a230c0f1e9d96fc91ee5185eca0f2feb34127145874975f347be52eb91d6ccc2c
  languageName: node
  linkType: hard

"unique-slug@npm:^6.0.0":
  version: 6.0.0
  resolution: "unique-slug@npm:6.0.0"
  dependencies:
    imurmurhash: "npm:^0.1.4"
  checksum: 10c0/da7ade4cb04eb33ad0499861f82fe95ce9c7c878b7139dc54d140ecfb6a6541c18a5c8dac16188b8b379fe62c0c1f1b710814baac910cde5f4fec06212126c6a
  languageName: node
  linkType: hard

"which@npm:^6.0.0":
  version: 6.0.0
  resolution: "which@npm:6.0.0"
  dependencies:
    isexe: "npm:^3.1.1"
  bin:
    node-which: bin/which.js
  checksum: 10c0/fe9d6463fe44a76232bb6e3b3181922c87510a5b250a98f1e43a69c99c079b3f42ddeca7e03d3e5f2241bf2d334f5a7657cfa868b97c109f3870625842f4cc15
  languageName: node
  linkType: hard

"ws@npm:^8.18.0":
  version: 8.18.3
  resolution: "ws@npm:8.18.3"
  peerDependencies:
    bufferutil: ^4.0.1
    utf-8-validate: ">=5.0.2"
  peerDependenciesMeta:
    bufferutil:
      optional: true
    utf-8-validate:
      optional: true
  checksum: 10c0/eac918213de265ef7cb3d4ca348b891a51a520d839aa51cdb8ca93d4fa7ff9f6ccb339ccee89e4075324097f0a55157c89fa3f7147bde9d8d7e90335dc087b53
  languageName: node
  linkType: hard

"yallist@npm:^4.0.0":
  version: 4.0.0
  resolution: "yallist@npm:4.0.0"
  checksum: 10c0/2286b5e8dbfe22204ab66e2ef5cc9bbb1e55dfc873bbe0d568aa943eb255d131890dfd5bf243637273d31119b870f49c18fcde2c6ffbb7a7a092b870dc90625a
  languageName: node
  linkType: hard

"yallist@npm:^5.0.0":
  version: 5.0.0
  resolution: "yallist@npm:5.0.0"
  checksum: 10c0/a499c81ce6d4a1d260d4ea0f6d49ab4da09681e32c3f0472dee16667ed69d01dae63a3b81745a24bd78476ec4fcf856114cb4896ace738e01da34b2c42235416
  languageName: node
  linkType: hard

"zod@npm:^3.23.8":
  version: 3.25.76
  resolution: "zod@npm:3.25.76"
  checksum: 10c0/5718ec35e3c40b600316c5b4c5e4976f7fee68151bc8f8d90ec18a469be9571f072e1bbaace10f1e85cf8892ea12d90821b200e980ab46916a6166a4260a983c
  languageName: node
  linkType: hard
